
Microsoft Visual Studio Solution File, Format Version 12.00
Project("{FAE04EC0-301F-11D3-BF4B-00C04F79EFBC}") = "WebClientApp", "WebClientApp\WebClientApp.csproj", "{B39946EC-43CE-427F-A2B6-2B9E4CA6E68B}"
EndProject
Project("{FAE04EC0-301F-11D3-BF4B-00C04F79EFBC}") = "WebServerApp", "WebServerApp\WebServerApp.csproj", "{1FE1B539-41B5-47B1-94A2-FD0C8EC7B45E}"
EndProject
Global
	GlobalSection(SolutionConfigurationPlatforms) = preSolution
		Debug|Any CPU = Debug|Any CPU
		Release|Any CPU = Release|Any CPU
	EndGlobalSection
	GlobalSection(ProjectConfigurationPlatforms) = postSolution
		{B39946EC-43CE-427F-A2B6-2B9E4CA6E68B}.Debug|Any CPU.ActiveCfg = Debug|Any CPU
		{B39946EC-43CE-427F-A2B6-2B9E4CA6E68B}.Debug|Any CPU.Build.0 = Debug|Any CPU
		{B39946EC-43CE-427F-A2B6-2B9E4CA6E68B}.Release|Any CPU.ActiveCfg = Release|Any CPU
		{B39946EC-43CE-427F-A2B6-2B9E4CA6E68B}.Release|Any CPU.Build.0 = Release|Any CPU
		{1FE1B539-41B5-47B1-94A2-FD0C8EC7B45E}.Debug|Any CPU.ActiveCfg = Debug|Any CPU
		{1FE1B539-41B5-47B1-94A2-FD0C8EC7B45E}.Debug|Any CPU.Build.0 = Debug|Any CPU
		{1FE1B539-41B5-47B1-94A2-FD0C8EC7B45E}.Release|Any CPU.ActiveCfg = Release|Any CPU
		{1FE1B539-41B5-47B1-94A2-FD0C8EC7B45E}.Release|Any CPU.Build.0 = Release|Any CPU
	EndGlobalSection
EndGlobal
